
Microsoft Visual Studio Solution File, Format Version 12.00
# Visual Studio Version 17
VisualStudioVersion = 17.9.34622.214
MinimumVisualStudioVersion = 10.0.40219.1
Project("{9A19103F-16F7-4668-BE54-9A1E7A4F7556}") = "CustomerAPP", "CustomerAPP\CustomerAPP.csproj", "{873C58A4-0642-4779-A8FF-600E89705242}"
EndProject
Project("{9A19103F-16F7-4668-BE54-9A1E7A4F7556}") = "CustomerManagement.Infrastrucure", "Customer.Management.Infrastrucure\CustomerManagement.Infrastrucure.csproj", "{C3DE1114-715E-4516-BAA6-D0EC092B4A31}"
EndProject
Project("{9A19103F-16F7-4668-BE54-9A1E7A4F7556}") = "Customer.Management.API", "CustomerManagement.API\Customer.Management.API.csproj", "{0BA94EFC-0AFA-468B-A90E-CBED49743C15}"
EndProject
Global
	GlobalSection(SolutionConfigurationPlatforms) = preSolution
		Debug|Any CPU = Debug|Any CPU
		Release|Any CPU = Release|Any CPU
	EndGlobalSection
	GlobalSection(ProjectConfigurationPlatforms) = postSolution
		{873C58A4-0642-4779-A8FF-600E89705242}.Debug|Any CPU.ActiveCfg = Debug|Any CPU
		{873C58A4-0642-4779-A8FF-600E89705242}.Debug|Any CPU.Build.0 = Debug|Any CPU
		{873C58A4-0642-4779-A8FF-600E89705242}.Release|Any CPU.ActiveCfg = Release|Any CPU
		{873C58A4-0642-4779-A8FF-600E89705242}.Release|Any CPU.Build.0 = Release|Any CPU
		{C3DE1114-715E-4516-BAA6-D0EC092B4A31}.Debug|Any CPU.ActiveCfg = Debug|Any CPU
		{C3DE1114-715E-4516-BAA6-D0EC092B4A31}.Debug|Any CPU.Build.0 = Debug|Any CPU
		{C3DE1114-715E-4516-BAA6-D0EC092B4A31}.Release|Any CPU.ActiveCfg = Release|Any CPU
		{C3DE1114-715E-4516-BAA6-D0EC092B4A31}.Release|Any CPU.Build.0 = Release|Any CPU
		{0BA94EFC-0AFA-468B-A90E-CBED49743C15}.Debug|Any CPU.ActiveCfg = Debug|Any CPU
		{0BA94EFC-0AFA-468B-A90E-CBED49743C15}.Debug|Any CPU.Build.0 = Debug|Any CPU
		{0BA94EFC-0AFA-468B-A90E-CBED49743C15}.Release|Any CPU.ActiveCfg = Release|Any CPU
		{0BA94EFC-0AFA-468B-A90E-CBED49743C15}.Release|Any CPU.Build.0 = Release|Any CPU
	EndGlobalSection
	GlobalSection(SolutionProperties) = preSolution
		HideSolutionNode = FALSE
	EndGlobalSection
	GlobalSection(ExtensibilityGlobals) = postSolution
		SolutionGuid = {416D1E7B-B28B-4B95-8A2D-7E788F08EC1B}
	EndGlobalSection
EndGlobal
